
Microsoft Visual Studio Solution File, Format Version 12.00
# Visual Studio Version 17
VisualStudioVersion = 17.5.002.0
MinimumVisualStudioVersion = 10.0.40219.1
Project("{9A19103F-16F7-4668-BE54-9A1E7A4F7556}") = "fibonacci", "fibonacci.csproj", "{C155CABF-04AC-48D7-8ABE-C1118990171B}"
EndProject
Global
	GlobalSection(SolutionConfigurationPlatforms) = preSolution
		Debug|Any CPU = Debug|Any CPU
		Release|Any CPU = Release|Any CPU
	EndGlobalSection
	GlobalSection(ProjectConfigurationPlatforms) = postSolution
		{C155CABF-04AC-48D7-8ABE-C1118990171B}.Debug|Any CPU.ActiveCfg = Debug|Any CPU
		{C155CABF-04AC-48D7-8ABE-C1118990171B}.Debug|Any CPU.Build.0 = Debug|Any CPU
		{C155CABF-04AC-48D7-8ABE-C1118990171B}.Release|Any CPU.ActiveCfg = Release|Any CPU
		{C155CABF-04AC-48D7-8ABE-C1118990171B}.Release|Any CPU.Build.0 = Release|Any CPU
	EndGlobalSection
	GlobalSection(SolutionProperties) = preSolution
		HideSolutionNode = FALSE
	EndGlobalSection
	GlobalSection(ExtensibilityGlobals) = postSolution
		SolutionGuid = {23C88C80-3907-46D3-9F8F-05658E78C7C7}
	EndGlobalSection
EndGlobal
